
Microsoft Visual Studio Solution File, Format Version 12.00
# Visual Studio 15
Project("{FAE04EC0-301F-11D3-BF4B-00C04F79EFBC}") = "Scripts", "Scripts.csproj", "{B272AC2D-F45E-7493-6590-330A92E14C17}"
EndProject
Project("{FAE04EC0-301F-11D3-BF4B-00C04F79EFBC}") = "ViconPluginUtils", "ViconPluginUtils.csproj", "{F816033F-C532-BBDA-FF88-D3CE0154381B}"
EndProject
Project("{FAE04EC0-301F-11D3-BF4B-00C04F79EFBC}") = "Assembly-CSharp", "Assembly-CSharp.csproj", "{6C3BDC17-9597-E272-B07E-48E3509DAADC}"
EndProject
Global
	GlobalSection(SolutionConfigurationPlatforms) = preSolution
		Debug|Any CPU = Debug|Any CPU
		Release|Any CPU = Release|Any CPU
	EndGlobalSection
	GlobalSection(ProjectConfigurationPlatforms) = postSolution
		{B272AC2D-F45E-7493-6590-330A92E14C17}.Debug|Any CPU.ActiveCfg = Debug|Any CPU
		{B272AC2D-F45E-7493-6590-330A92E14C17}.Debug|Any CPU.Build.0 = Debug|Any CPU
		{B272AC2D-F45E-7493-6590-330A92E14C17}.Release|Any CPU.ActiveCfg = Release|Any CPU
		{B272AC2D-F45E-7493-6590-330A92E14C17}.Release|Any CPU.Build.0 = Release|Any CPU
		{F816033F-C532-BBDA-FF88-D3CE0154381B}.Debug|Any CPU.ActiveCfg = Debug|Any CPU
		{F816033F-C532-BBDA-FF88-D3CE0154381B}.Debug|Any CPU.Build.0 = Debug|Any CPU
		{F816033F-C532-BBDA-FF88-D3CE0154381B}.Release|Any CPU.ActiveCfg = Release|Any CPU
		{F816033F-C532-BBDA-FF88-D3CE0154381B}.Release|Any CPU.Build.0 = Release|Any CPU
		{6C3BDC17-9597-E272-B07E-48E3509DAADC}.Debug|Any CPU.ActiveCfg = Debug|Any CPU
		{6C3BDC17-9597-E272-B07E-48E3509DAADC}.Debug|Any CPU.Build.0 = Debug|Any CPU
		{6C3BDC17-9597-E272-B07E-48E3509DAADC}.Release|Any CPU.ActiveCfg = Release|Any CPU
		{6C3BDC17-9597-E272-B07E-48E3509DAADC}.Release|Any CPU.Build.0 = Release|Any CPU
	EndGlobalSection
	GlobalSection(SolutionProperties) = preSolution
		HideSolutionNode = FALSE
	EndGlobalSection
EndGlobal
